
Microsoft Visual Studio Solution File, Format Version 12.00
# Visual Studio Version 16
VisualStudioVersion = 16.0.29728.190
MinimumVisualStudioVersion = 10.0.40219.1
Project("{FAE04EC0-301F-11D3-BF4B-00C04F79EFBC}") = "programming exercise 05", "programming exercise 05\programming exercise 05.csproj", "{B40F9633-D6F8-48E1-9EA4-DE454EC84BF8}"
EndProject
Global
	GlobalSection(SolutionConfigurationPlatforms) = preSolution
		Debug|Any CPU = Debug|Any CPU
		Release|Any CPU = Release|Any CPU
	EndGlobalSection
	GlobalSection(ProjectConfigurationPlatforms) = postSolution
		{B40F9633-D6F8-48E1-9EA4-DE454EC84BF8}.Debug|Any CPU.ActiveCfg = Debug|Any CPU
		{B40F9633-D6F8-48E1-9EA4-DE454EC84BF8}.Debug|Any CPU.Build.0 = Debug|Any CPU
		{B40F9633-D6F8-48E1-9EA4-DE454EC84BF8}.Release|Any CPU.ActiveCfg = Release|Any CPU
		{B40F9633-D6F8-48E1-9EA4-DE454EC84BF8}.Release|Any CPU.Build.0 = Release|Any CPU
	EndGlobalSection
	GlobalSection(SolutionProperties) = preSolution
		HideSolutionNode = FALSE
	EndGlobalSection
	GlobalSection(ExtensibilityGlobals) = postSolution
		SolutionGuid = {8AA6CF6F-C628-48BF-B1AA-70C8D110ED75}
	EndGlobalSection
EndGlobal
